
Microsoft Visual Studio Solution File, Format Version 12.00
Project("{FAE04EC0-301F-11D3-BF4B-00C04F79EFBC}") = "C_Sharp_Homework", "C_Sharp_Homework.csproj", "{9C840217-1AAC-43A2-B881-8641FC9E925D}"
EndProject
Global
	GlobalSection(SolutionConfigurationPlatforms) = preSolution
		Debug|Any CPU = Debug|Any CPU
		Release|Any CPU = Release|Any CPU
	EndGlobalSection
	GlobalSection(ProjectConfigurationPlatforms) = postSolution
		{9C840217-1AAC-43A2-B881-8641FC9E925D}.Debug|Any CPU.ActiveCfg = Debug|Any CPU
		{9C840217-1AAC-43A2-B881-8641FC9E925D}.Debug|Any CPU.Build.0 = Debug|Any CPU
		{9C840217-1AAC-43A2-B881-8641FC9E925D}.Release|Any CPU.ActiveCfg = Release|Any CPU
		{9C840217-1AAC-43A2-B881-8641FC9E925D}.Release|Any CPU.Build.0 = Release|Any CPU
	EndGlobalSection
EndGlobal
